
Microsoft Visual Studio Solution File, Format Version 12.00
# Visual Studio Version 17
VisualStudioVersion = 17.7.34009.444
MinimumVisualStudioVersion = 10.0.40219.1
Project("{FAE04EC0-301F-11D3-BF4B-00C04F79EFBC}") = "TestRegisterAPI", "TestRegisterAPI\TestRegisterAPI.csproj", "{5FB00C14-EEA9-487D-91AE-7145B8FF9FED}"
EndProject
Global
	GlobalSection(SolutionConfigurationPlatforms) = preSolution
		Debug|Any CPU = Debug|Any CPU
		Release|Any CPU = Release|Any CPU
	EndGlobalSection
	GlobalSection(ProjectConfigurationPlatforms) = postSolution
		{5FB00C14-EEA9-487D-91AE-7145B8FF9FED}.Debug|Any CPU.ActiveCfg = Debug|Any CPU
		{5FB00C14-EEA9-487D-91AE-7145B8FF9FED}.Debug|Any CPU.Build.0 = Debug|Any CPU
		{5FB00C14-EEA9-487D-91AE-7145B8FF9FED}.Release|Any CPU.ActiveCfg = Release|Any CPU
		{5FB00C14-EEA9-487D-91AE-7145B8FF9FED}.Release|Any CPU.Build.0 = Release|Any CPU
	EndGlobalSection
	GlobalSection(SolutionProperties) = preSolution
		HideSolutionNode = FALSE
	EndGlobalSection
	GlobalSection(ExtensibilityGlobals) = postSolution
		SolutionGuid = {2962E99F-849A-4229-ABB2-D006A79B986D}
	EndGlobalSection
EndGlobal
